
Microsoft Visual Studio Solution File, Format Version 12.00
# Visual Studio 15
VisualStudioVersion = 15.0.26403.7
MinimumVisualStudioVersion = 10.0.40219.1
Project("{9A19103F-16F7-4668-BE54-9A1E7A4F7556}") = "UnitConverter.Runner", "UnitConverter.Runner\UnitConverter.Runner.csproj", "{BB3DD4B3-A86F-4B13-B0CC-1DE54727F6EB}"
EndProject
Project("{FAE04EC0-301F-11D3-BF4B-00C04F79EFBC}") = "UnitConverter.Tests", "UnitConverter.Tests\UnitConverter.Tests.csproj", "{F04993AF-59EA-4C76-A256-9347F349516B}"
EndProject
Project("{FAE04EC0-301F-11D3-BF4B-00C04F79EFBC}") = "UnitConverter.Mutator", "UnitConverter.Mutator\UnitConverter.Mutator.csproj", "{C2297C02-4B1A-4271-AD3A-90182787D679}"
EndProject
Global
	GlobalSection(SolutionConfigurationPlatforms) = preSolution
		Debug|Any CPU = Debug|Any CPU
		Release|Any CPU = Release|Any CPU
	EndGlobalSection
	GlobalSection(ProjectConfigurationPlatforms) = postSolution
		{BB3DD4B3-A86F-4B13-B0CC-1DE54727F6EB}.Debug|Any CPU.ActiveCfg = Debug|Any CPU
		{BB3DD4B3-A86F-4B13-B0CC-1DE54727F6EB}.Debug|Any CPU.Build.0 = Debug|Any CPU
		{BB3DD4B3-A86F-4B13-B0CC-1DE54727F6EB}.Release|Any CPU.ActiveCfg = Release|Any CPU
		{BB3DD4B3-A86F-4B13-B0CC-1DE54727F6EB}.Release|Any CPU.Build.0 = Release|Any CPU
		{F04993AF-59EA-4C76-A256-9347F349516B}.Debug|Any CPU.ActiveCfg = Debug|Any CPU
		{F04993AF-59EA-4C76-A256-9347F349516B}.Debug|Any CPU.Build.0 = Debug|Any CPU
		{F04993AF-59EA-4C76-A256-9347F349516B}.Release|Any CPU.ActiveCfg = Release|Any CPU
		{F04993AF-59EA-4C76-A256-9347F349516B}.Release|Any CPU.Build.0 = Release|Any CPU
		{C2297C02-4B1A-4271-AD3A-90182787D679}.Debug|Any CPU.ActiveCfg = Debug|Any CPU
		{C2297C02-4B1A-4271-AD3A-90182787D679}.Debug|Any CPU.Build.0 = Debug|Any CPU
		{C2297C02-4B1A-4271-AD3A-90182787D679}.Release|Any CPU.ActiveCfg = Release|Any CPU
		{C2297C02-4B1A-4271-AD3A-90182787D679}.Release|Any CPU.Build.0 = Release|Any CPU
	EndGlobalSection
	GlobalSection(SolutionProperties) = preSolution
		HideSolutionNode = FALSE
	EndGlobalSection
EndGlobal
